
Microsoft Visual Studio Solution File, Format Version 12.00
# Visual Studio Version 17
VisualStudioVersion = 17.13.35931.197 d17.13
MinimumVisualStudioVersion = 10.0.40219.1
Project("{FAE04EC0-301F-11D3-BF4B-00C04F79EFBC}") = "Lesson1_Task2", "Lesson1_Task2\Lesson1_Task2.csproj", "{0C6958B1-C3AF-47BB-A4E7-DC1F89CCAE79}"
EndProject
Global
	GlobalSection(SolutionConfigurationPlatforms) = preSolution
		Debug|Any CPU = Debug|Any CPU
		Release|Any CPU = Release|Any CPU
	EndGlobalSection
	GlobalSection(ProjectConfigurationPlatforms) = postSolution
		{0C6958B1-C3AF-47BB-A4E7-DC1F89CCAE79}.Debug|Any CPU.ActiveCfg = Debug|Any CPU
		{0C6958B1-C3AF-47BB-A4E7-DC1F89CCAE79}.Debug|Any CPU.Build.0 = Debug|Any CPU
		{0C6958B1-C3AF-47BB-A4E7-DC1F89CCAE79}.Release|Any CPU.ActiveCfg = Release|Any CPU
		{0C6958B1-C3AF-47BB-A4E7-DC1F89CCAE79}.Release|Any CPU.Build.0 = Release|Any CPU
	EndGlobalSection
	GlobalSection(SolutionProperties) = preSolution
		HideSolutionNode = FALSE
	EndGlobalSection
	GlobalSection(ExtensibilityGlobals) = postSolution
		SolutionGuid = {266128A8-4AFA-49E1-B109-3664227A7A4D}
	EndGlobalSection
EndGlobal
